
Microsoft Visual Studio Solution File, Format Version 12.00
# Visual Studio Version 17
VisualStudioVersion = 17.0.31903.59
MinimumVisualStudioVersion = 10.0.40219.1
Project("{2150E333-8FDC-42A3-9474-1A3956D46DE8}") = "src", "src", "{827E0CD3-B72D-47B6-A68D-7590B98EB39B}"
EndProject
Project("{FAE04EC0-301F-11D3-BF4B-00C04F79EFBC}") = "ScanValue.Core", "src\ScanValue.Core\ScanValue.Core.csproj", "{CC52261E-6862-4EAC-A3C6-C419AFC8CAD6}"
EndProject
Project("{FAE04EC0-301F-11D3-BF4B-00C04F79EFBC}") = "ScanValue", "src\ScanValue\ScanValue.csproj", "{41883DBD-BAEB-43E7-8032-B0C766B8ECCD}"
EndProject
Global
	GlobalSection(SolutionConfigurationPlatforms) = preSolution
		Debug|Any CPU = Debug|Any CPU
		Debug|x64 = Debug|x64
		Debug|x86 = Debug|x86
		Release|Any CPU = Release|Any CPU
		Release|x64 = Release|x64
		Release|x86 = Release|x86
	EndGlobalSection
	GlobalSection(ProjectConfigurationPlatforms) = postSolution
		{CC52261E-6862-4EAC-A3C6-C419AFC8CAD6}.Debug|Any CPU.ActiveCfg = Debug|Any CPU
		{CC52261E-6862-4EAC-A3C6-C419AFC8CAD6}.Debug|Any CPU.Build.0 = Debug|Any CPU
		{CC52261E-6862-4EAC-A3C6-C419AFC8CAD6}.Debug|x64.ActiveCfg = Debug|Any CPU
		{CC52261E-6862-4EAC-A3C6-C419AFC8CAD6}.Debug|x64.Build.0 = Debug|Any CPU
		{CC52261E-6862-4EAC-A3C6-C419AFC8CAD6}.Debug|x86.ActiveCfg = Debug|Any CPU
		{CC52261E-6862-4EAC-A3C6-C419AFC8CAD6}.Debug|x86.Build.0 = Debug|Any CPU
		{CC52261E-6862-4EAC-A3C6-C419AFC8CAD6}.Release|Any CPU.ActiveCfg = Release|Any CPU
		{CC52261E-6862-4EAC-A3C6-C419AFC8CAD6}.Release|Any CPU.Build.0 = Release|Any CPU
		{CC52261E-6862-4EAC-A3C6-C419AFC8CAD6}.Release|x64.ActiveCfg = Release|Any CPU
		{CC52261E-6862-4EAC-A3C6-C419AFC8CAD6}.Release|x64.Build.0 = Release|Any CPU
		{CC52261E-6862-4EAC-A3C6-C419AFC8CAD6}.Release|x86.ActiveCfg = Release|Any CPU
		{CC52261E-6862-4EAC-A3C6-C419AFC8CAD6}.Release|x86.Build.0 = Release|Any CPU
		{41883DBD-BAEB-43E7-8032-B0C766B8ECCD}.Debug|Any CPU.ActiveCfg = Debug|Any CPU
		{41883DBD-BAEB-43E7-8032-B0C766B8ECCD}.Debug|Any CPU.Build.0 = Debug|Any CPU
		{41883DBD-BAEB-43E7-8032-B0C766B8ECCD}.Debug|x64.ActiveCfg = Debug|Any CPU
		{41883DBD-BAEB-43E7-8032-B0C766B8ECCD}.Debug|x64.Build.0 = Debug|Any CPU
		{41883DBD-BAEB-43E7-8032-B0C766B8ECCD}.Debug|x86.ActiveCfg = Debug|Any CPU
		{41883DBD-BAEB-43E7-8032-B0C766B8ECCD}.Debug|x86.Build.0 = Debug|Any CPU
		{41883DBD-BAEB-43E7-8032-B0C766B8ECCD}.Release|Any CPU.ActiveCfg = Release|Any CPU
		{41883DBD-BAEB-43E7-8032-B0C766B8ECCD}.Release|Any CPU.Build.0 = Release|Any CPU
		{41883DBD-BAEB-43E7-8032-B0C766B8ECCD}.Release|x64.ActiveCfg = Release|Any CPU
		{41883DBD-BAEB-43E7-8032-B0C766B8ECCD}.Release|x64.Build.0 = Release|Any CPU
		{41883DBD-BAEB-43E7-8032-B0C766B8ECCD}.Release|x86.ActiveCfg = Release|Any CPU
		{41883DBD-BAEB-43E7-8032-B0C766B8ECCD}.Release|x86.Build.0 = Release|Any CPU
	EndGlobalSection
	GlobalSection(SolutionProperties) = preSolution
		HideSolutionNode = FALSE
	EndGlobalSection
	GlobalSection(NestedProjects) = preSolution
		{CC52261E-6862-4EAC-A3C6-C419AFC8CAD6} = {827E0CD3-B72D-47B6-A68D-7590B98EB39B}
		{41883DBD-BAEB-43E7-8032-B0C766B8ECCD} = {827E0CD3-B72D-47B6-A68D-7590B98EB39B}
	EndGlobalSection
EndGlobal
